
Microsoft Visual Studio Solution File, Format Version 12.00
# Visual Studio Version 16
VisualStudioVersion = 16.0.31729.503
MinimumVisualStudioVersion = 10.0.40219.1
Project("{54435603-DBB4-11D2-8724-00A0C9A8B90C}") = "pyRHI Setup", "pyRHI-Setup\pyRHI Setup\pyRHI Setup.vdproj", "{70A5B228-400E-4A28-9925-AA97BE0E5ECC}"
EndProject
Project("{FAE04EC0-301F-11D3-BF4B-00C04F79EFBC}") = "RHI", "RHI.Extension\RHI.csproj", "{EE693BA6-8F25-4FF6-86F7-A68021D1AE85}"
EndProject
Global
	GlobalSection(SolutionConfigurationPlatforms) = preSolution
		Debug|Any CPU = Debug|Any CPU
		Release|Any CPU = Release|Any CPU
	EndGlobalSection
	GlobalSection(ProjectConfigurationPlatforms) = postSolution
		{70A5B228-400E-4A28-9925-AA97BE0E5ECC}.Debug|Any CPU.ActiveCfg = Debug
		{70A5B228-400E-4A28-9925-AA97BE0E5ECC}.Release|Any CPU.ActiveCfg = Release
		{EE693BA6-8F25-4FF6-86F7-A68021D1AE85}.Debug|Any CPU.ActiveCfg = Debug|Any CPU
		{EE693BA6-8F25-4FF6-86F7-A68021D1AE85}.Debug|Any CPU.Build.0 = Debug|Any CPU
		{EE693BA6-8F25-4FF6-86F7-A68021D1AE85}.Release|Any CPU.ActiveCfg = Release|Any CPU
		{EE693BA6-8F25-4FF6-86F7-A68021D1AE85}.Release|Any CPU.Build.0 = Release|Any CPU
	EndGlobalSection
	GlobalSection(SolutionProperties) = preSolution
		HideSolutionNode = FALSE
	EndGlobalSection
	GlobalSection(ExtensibilityGlobals) = postSolution
		SolutionGuid = {99B27B3A-692E-4918-99C4-182921F3FEAE}
	EndGlobalSection
EndGlobal
